
Microsoft Visual Studio Solution File, Format Version 12.00
# Visual Studio Version 17
VisualStudioVersion = 17.8.34330.188
MinimumVisualStudioVersion = 10.0.40219.1
Project("{FAE04EC0-301F-11D3-BF4B-00C04F79EFBC}") = "Atm System", "Atm System.csproj", "{51D80658-C7A6-4F10-B087-DD2AABA53E56}"
EndProject
Global
	GlobalSection(SolutionConfigurationPlatforms) = preSolution
		Debug|Any CPU = Debug|Any CPU
		Release|Any CPU = Release|Any CPU
	EndGlobalSection
	GlobalSection(ProjectConfigurationPlatforms) = postSolution
		{51D80658-C7A6-4F10-B087-DD2AABA53E56}.Debug|Any CPU.ActiveCfg = Debug|Any CPU
		{51D80658-C7A6-4F10-B087-DD2AABA53E56}.Debug|Any CPU.Build.0 = Debug|Any CPU
		{51D80658-C7A6-4F10-B087-DD2AABA53E56}.Release|Any CPU.ActiveCfg = Release|Any CPU
		{51D80658-C7A6-4F10-B087-DD2AABA53E56}.Release|Any CPU.Build.0 = Release|Any CPU
	EndGlobalSection
	GlobalSection(SolutionProperties) = preSolution
		HideSolutionNode = FALSE
	EndGlobalSection
	GlobalSection(ExtensibilityGlobals) = postSolution
		SolutionGuid = {D7B69BCC-4DAB-4D23-928F-0473E084C07B}
	EndGlobalSection
EndGlobal
